
Microsoft Visual Studio Solution File, Format Version 12.00
# Visual Studio Version 17
VisualStudioVersion = 17.0.31903.59
MinimumVisualStudioVersion = 10.0.40219.1
Project("{FAE04EC0-301F-11D3-BF4B-00C04F79EFBC}") = "KreativnaAgencija.Web", "KreativnaAgencija.Web\KreativnaAgencija.Web.csproj", "{8F1A9C6E-1234-4567-89AB-CDEF01234567}"
EndProject
Project("{FAE04EC0-301F-11D3-BF4B-00C04F79EFBC}") = "KreativnaAgencija.Modeli", "KreativnaAgencija.Modeli\KreativnaAgencija.Modeli.csproj", "{8F1A9C6E-1234-4567-89AB-CDEF01234568}"
EndProject
Project("{FAE04EC0-301F-11D3-BF4B-00C04F79EFBC}") = "KreativnaAgencija.SlojPodataka", "KreativnaAgencija.SlojPodataka\KreativnaAgencija.SlojPodataka.csproj", "{8F1A9C6E-1234-4567-89AB-CDEF01234569}"
EndProject
Project("{FAE04EC0-301F-11D3-BF4B-00C04F79EFBC}") = "KreativnaAgencija.Repozitorijum", "KreativnaAgencija.Repozitorijum\KreativnaAgencija.Repozitorijum.csproj", "{8F1A9C6E-1234-4567-89AB-CDEF0123456A}"
EndProject
Project("{FAE04EC0-301F-11D3-BF4B-00C04F79EFBC}") = "KreativnaAgencija.PoslovnaLogika", "KreativnaAgencija.PoslovnaLogika\KreativnaAgencija.PoslovnaLogika.csproj", "{8F1A9C6E-1234-4567-89AB-CDEF0123456B}"
EndProject
Project("{FAE04EC0-301F-11D3-BF4B-00C04F79EFBC}") = "KreativnaAgencija.Servisi", "KreativnaAgencija.Servisi\KreativnaAgencija.Servisi.csproj", "{8F1A9C6E-1234-4567-89AB-CDEF0123456C}"
EndProject
Global
	GlobalSection(SolutionConfigurationPlatforms) = preSolution
		Debug|Any CPU = Debug|Any CPU
		Release|Any CPU = Release|Any CPU
	EndGlobalSection
	GlobalSection(ProjectConfigurationPlatforms) = postSolution
		{8F1A9C6E-1234-4567-89AB-CDEF01234567}.Debug|Any CPU.ActiveCfg = Debug|Any CPU
		{8F1A9C6E-1234-4567-89AB-CDEF01234567}.Debug|Any CPU.Build.0 = Debug|Any CPU
		{8F1A9C6E-1234-4567-89AB-CDEF01234567}.Release|Any CPU.ActiveCfg = Release|Any CPU
		{8F1A9C6E-1234-4567-89AB-CDEF01234567}.Release|Any CPU.Build.0 = Release|Any CPU
		{8F1A9C6E-1234-4567-89AB-CDEF01234568}.Debug|Any CPU.ActiveCfg = Debug|Any CPU
		{8F1A9C6E-1234-4567-89AB-CDEF01234568}.Debug|Any CPU.Build.0 = Debug|Any CPU
		{8F1A9C6E-1234-4567-89AB-CDEF01234568}.Release|Any CPU.ActiveCfg = Release|Any CPU
		{8F1A9C6E-1234-4567-89AB-CDEF01234568}.Release|Any CPU.Build.0 = Release|Any CPU
		{8F1A9C6E-1234-4567-89AB-CDEF01234569}.Debug|Any CPU.ActiveCfg = Debug|Any CPU
		{8F1A9C6E-1234-4567-89AB-CDEF01234569}.Debug|Any CPU.Build.0 = Debug|Any CPU
		{8F1A9C6E-1234-4567-89AB-CDEF01234569}.Release|Any CPU.ActiveCfg = Release|Any CPU
		{8F1A9C6E-1234-4567-89AB-CDEF01234569}.Release|Any CPU.Build.0 = Release|Any CPU
		{8F1A9C6E-1234-4567-89AB-CDEF0123456A}.Debug|Any CPU.ActiveCfg = Debug|Any CPU
		{8F1A9C6E-1234-4567-89AB-CDEF0123456A}.Debug|Any CPU.Build.0 = Debug|Any CPU
		{8F1A9C6E-1234-4567-89AB-CDEF0123456A}.Release|Any CPU.ActiveCfg = Release|Any CPU
		{8F1A9C6E-1234-4567-89AB-CDEF0123456A}.Release|Any CPU.Build.0 = Release|Any CPU
		{8F1A9C6E-1234-4567-89AB-CDEF0123456B}.Debug|Any CPU.ActiveCfg = Debug|Any CPU
		{8F1A9C6E-1234-4567-89AB-CDEF0123456B}.Debug|Any CPU.Build.0 = Debug|Any CPU
		{8F1A9C6E-1234-4567-89AB-CDEF0123456B}.Release|Any CPU.ActiveCfg = Release|Any CPU
		{8F1A9C6E-1234-4567-89AB-CDEF0123456B}.Release|Any CPU.Build.0 = Release|Any CPU
		{8F1A9C6E-1234-4567-89AB-CDEF0123456C}.Debug|Any CPU.ActiveCfg = Debug|Any CPU
		{8F1A9C6E-1234-4567-89AB-CDEF0123456C}.Debug|Any CPU.Build.0 = Debug|Any CPU
		{8F1A9C6E-1234-4567-89AB-CDEF0123456C}.Release|Any CPU.ActiveCfg = Release|Any CPU
		{8F1A9C6E-1234-4567-89AB-CDEF0123456C}.Release|Any CPU.Build.0 = Release|Any CPU
	EndGlobalSection
EndGlobal
